// !$*UTF8*$!
{
	archiveVersion = 1;
	classes = {
	};
	objectVersion = 46;
	objects = {

/* Begin PBXBuildFile section */
		F916B2D81E9B1866007759EE /* AppDelegate.swift in Sources */ = {isa = PBXBuildFile; fileRef = F916B2D71E9B1866007759EE /* AppDelegate.swift */; };
		F916B2DA1E9B1866007759EE /* ViewController.swift in Sources */ = {isa = PBXBuildFile; fileRef = F916B2D91E9B1866007759EE /* ViewController.swift */; };
		F916B2DD1E9B1866007759EE /* Main.storyboard in Resources */ = {isa = PBXBuildFile; fileRef = F916B2DB1E9B1866007759EE /* Main.storyboard */; };
		F916B2DF1E9B1866007759EE /* Assets.xcassets in Resources */ = {isa = PBXBuildFile; fileRef = F916B2DE1E9B1866007759EE /* Assets.xcassets */; };
		F916B2E21E9B1866007759EE /* LaunchScreen.storyboard in Resources */ = {isa = PBXBuildFile; fileRef = F916B2E01E9B1866007759EE /* LaunchScreen.storyboard */; };
		F916B2EA1E9B18AE007759EE /* SLWaterflowLayout.swift in Sources */ = {isa = PBXBuildFile; fileRef = F916B2E91E9B18AE007759EE /* SLWaterflowLayout.swift */; };
		F916B3151E9B18F7007759EE /* 0.jpg in Resources */ = {isa = PBXBuildFile; fileRef = F916B2EC1E9B18F7007759EE /* 0.jpg */; };
		F916B3161E9B18F7007759EE /* 1.jpg in Resources */ = {isa = PBXBuildFile; fileRef = F916B2ED1E9B18F7007759EE /* 1.jpg */; };
		F916B3171E9B18F7007759EE /* 10.jpg in Resources */ = {isa = PBXBuildFile; fileRef = F916B2EE1E9B18F7007759EE /* 10.jpg */; };
		F916B3181E9B18F7007759EE /* 11.jpg in Resources */ = {isa = PBXBuildFile; fileRef = F916B2EF1E9B18F7007759EE /* 11.jpg */; };
		F916B3191E9B18F7007759EE /* 12.jpg in Resources */ = {isa = PBXBuildFile; fileRef = F916B2F01E9B18F7007759EE /* 12.jpg */; };
		F916B31A1E9B18F7007759EE /* 13.jpg in Resources */ = {isa = PBXBuildFile; fileRef = F916B2F11E9B18F7007759EE /* 13.jpg */; };
		F916B31B1E9B18F7007759EE /* 14.jpg in Resources */ = {isa = PBXBuildFile; fileRef = F916B2F21E9B18F7007759EE /* 14.jpg */; };
		F916B31C1E9B18F7007759EE /* 15.jpg in Resources */ = {isa = PBXBuildFile; fileRef = F916B2F31E9B18F7007759EE /* 15.jpg */; };
		F916B31D1E9B18F7007759EE /* 16.jpg in Resources */ = {isa = PBXBuildFile; fileRef = F916B2F41E9B18F7007759EE /* 16.jpg */; };
		F916B31E1E9B18F7007759EE /* 17.jpg in Resources */ = {isa = PBXBuildFile; fileRef = F916B2F51E9B18F7007759EE /* 17.jpg */; };
		F916B31F1E9B18F7007759EE /* 18.jpg in Resources */ = {isa = PBXBuildFile; fileRef = F916B2F61E9B18F7007759EE /* 18.jpg */; };
		F916B3201E9B18F7007759EE /* 19.jpg in Resources */ = {isa = PBXBuildFile; fileRef = F916B2F71E9B18F7007759EE /* 19.jpg */; };
		F916B3211E9B18F7007759EE /* 2.jpg in Resources */ = {isa = PBXBuildFile; fileRef = F916B2F81E9B18F7007759EE /* 2.jpg */; };
		F916B3221E9B18F7007759EE /* 20.jpg in Resources */ = {isa = PBXBuildFile; fileRef = F916B2F91E9B18F7007759EE /* 20.jpg */; };
		F916B3231E9B18F7007759EE /* 21.jpg in Resources */ = {isa = PBXBuildFile; fileRef = F916B2FA1E9B18F7007759EE /* 21.jpg */; };
		F916B3241E9B18F7007759EE /* 22.jpg in Resources */ = {isa = PBXBuildFile; fileRef = F916B2FB1E9B18F7007759EE /* 22.jpg */; };
		F916B3251E9B18F7007759EE /* 23.jpg in Resources */ = {isa = PBXBuildFile; fileRef = F916B2FC1E9B18F7007759EE /* 23.jpg */; };
		F916B3261E9B18F7007759EE /* 24.jpg in Resources */ = {isa = PBXBuildFile; fileRef = F916B2FD1E9B18F7007759EE /* 24.jpg */; };
		F916B3271E9B18F7007759EE /* 25.jpg in Resources */ = {isa = PBXBuildFile; fileRef = F916B2FE1E9B18F7007759EE /* 25.jpg */; };
		F916B3281E9B18F7007759EE /* 26.jpg in Resources */ = {isa = PBXBuildFile; fileRef = F916B2FF1E9B18F7007759EE /* 26.jpg */; };
		F916B3291E9B18F7007759EE /* 27.jpg in Resources */ = {isa = PBXBuildFile; fileRef = F916B3001E9B18F7007759EE /* 27.jpg */; };
		F916B32A1E9B18F7007759EE /* 28.jpg in Resources */ = {isa = PBXBuildFile; fileRef = F916B3011E9B18F7007759EE /* 28.jpg */; };
		F916B32B1E9B18F7007759EE /* 29.jpg in Resources */ = {isa = PBXBuildFile; fileRef = F916B3021E9B18F7007759EE /* 29.jpg */; };
		F916B32C1E9B18F7007759EE /* 3.jpg in Resources */ = {isa = PBXBuildFile; fileRef = F916B3031E9B18F7007759EE /* 3.jpg */; };
		F916B32D1E9B18F7007759EE /* 30.jpg in Resources */ = {isa = PBXBuildFile; fileRef = F916B3041E9B18F7007759EE /* 30.jpg */; };
		F916B32E1E9B18F7007759EE /* 31.jpg in Resources */ = {isa = PBXBuildFile; fileRef = F916B3051E9B18F7007759EE /* 31.jpg */; };
		F916B32F1E9B18F7007759EE /* 32.jpg in Resources */ = {isa = PBXBuildFile; fileRef = F916B3061E9B18F7007759EE /* 32.jpg */; };
		F916B3301E9B18F7007759EE /* 33.jpg in Resources */ = {isa = PBXBuildFile; fileRef = F916B3071E9B18F7007759EE /* 33.jpg */; };
		F916B3311E9B18F7007759EE /* 34.jpg in Resources */ = {isa = PBXBuildFile; fileRef = F916B3081E9B18F7007759EE /* 34.jpg */; };
		F916B3321E9B18F7007759EE /* 35.jpg in Resources */ = {isa = PBXBuildFile; fileRef = F916B3091E9B18F7007759EE /* 35.jpg */; };
		F916B3331E9B18F7007759EE /* 36.jpg in Resources */ = {isa = PBXBuildFile; fileRef = F916B30A1E9B18F7007759EE /* 36.jpg */; };
		F916B3341E9B18F7007759EE /* 37.jpg in Resources */ = {isa = PBXBuildFile; fileRef = F916B30B1E9B18F7007759EE /* 37.jpg */; };
		F916B3351E9B18F7007759EE /* 38.jpg in Resources */ = {isa = PBXBuildFile; fileRef = F916B30C1E9B18F7007759EE /* 38.jpg */; };
		F916B3361E9B18F7007759EE /* 39.jpg in Resources */ = {isa = PBXBuildFile; fileRef = F916B30D1E9B18F7007759EE /* 39.jpg */; };
		F916B3371E9B18F7007759EE /* 4.jpg in Resources */ = {isa = PBXBuildFile; fileRef = F916B30E1E9B18F7007759EE /* 4.jpg */; };
		F916B3381E9B18F7007759EE /* 40.jpg in Resources */ = {isa = PBXBuildFile; fileRef = F916B30F1E9B18F7007759EE /* 40.jpg */; };
		F916B3391E9B18F7007759EE /* 5.jpg in Resources */ = {isa = PBXBuildFile; fileRef = F916B3101E9B18F7007759EE /* 5.jpg */; };
		F916B33A1E9B18F7007759EE /* 6.jpg in Resources */ = {isa = PBXBuildFile; fileRef = F916B3111E9B18F7007759EE /* 6.jpg */; };
		F916B33B1E9B18F7007759EE /* 7.jpg in Resources */ = {isa = PBXBuildFile; fileRef = F916B3121E9B18F7007759EE /* 7.jpg */; };
		F916B33C1E9B18F7007759EE /* 8.jpg in Resources */ = {isa = PBXBuildFile; fileRef = F916B3131E9B18F7007759EE /* 8.jpg */; };
		F916B33D1E9B18F7007759EE /* 9.jpg in Resources */ = {isa = PBXBuildFile; fileRef = F916B3141E9B18F7007759EE /* 9.jpg */; };
		F916B33F1E9B19D8007759EE /* DemoCell.swift in Sources */ = {isa = PBXBuildFile; fileRef = F916B33E1E9B19D8007759EE /* DemoCell.swift */; };
/* End PBXBuildFile section */

/* Begin PBXFileReference section */
		F916B2D41E9B1866007759EE /* SLWaterflowLayout.app */ = {isa = PBXFileReference; explicitFileType = wrapper.application; includeInIndex = 0; path = SLWaterflowLayout.app; sourceTree = BUILT_PRODUCTS_DIR; };
		F916B2D71E9B1866007759EE /* AppDelegate.swift */ = {isa = PBXFileReference; lastKnownFileType = sourcecode.swift; path = AppDelegate.swift; sourceTree = "<group>"; };
		F916B2D91E9B1866007759EE /* ViewController.swift */ = {isa = PBXFileReference; lastKnownFileType = sourcecode.swift; path = ViewController.swift; sourceTree = "<group>"; };
		F916B2DC1E9B1866007759EE /* Base */ = {isa = PBXFileReference; lastKnownFileType = file.storyboard; name = Base; path = Base.lproj/Main.storyboard; sourceTree = "<group>"; };
		F916B2DE1E9B1866007759EE /* Assets.xcassets */ = {isa = PBXFileReference; lastKnownFileType = folder.assetcatalog; path = Assets.xcassets; sourceTree = "<group>"; };
		F916B2E11E9B1866007759EE /* Base */ = {isa = PBXFileReference; lastKnownFileType = file.storyboard; name = Base; path = Base.lproj/LaunchScreen.storyboard; sourceTree = "<group>"; };
		F916B2E31E9B1866007759EE /* Info.plist */ = {isa = PBXFileReference; lastKnownFileType = text.plist.xml; path = Info.plist; sourceTree = "<group>"; };
		F916B2E91E9B18AE007759EE /* SLWaterflowLayout.swift */ = {isa = PBXFileReference; fileEncoding = 4; lastKnownFileType = sourcecode.swift; path = SLWaterflowLayout.swift; sourceTree = "<group>"; };
		F916B2EC1E9B18F7007759EE /* 0.jpg */ = {isa = PBXFileReference; lastKnownFileType = image.jpeg; path = 0.jpg; sourceTree = "<group>"; };
		F916B2ED1E9B18F7007759EE /* 1.jpg */ = {isa = PBXFileReference; lastKnownFileType = image.jpeg; path = 1.jpg; sourceTree = "<group>"; };
		F916B2EE1E9B18F7007759EE /* 10.jpg */ = {isa = PBXFileReference; lastKnownFileType = image.jpeg; path = 10.jpg; sourceTree = "<group>"; };
		F916B2EF1E9B18F7007759EE /* 11.jpg */ = {isa = PBXFileReference; lastKnownFileType = image.jpeg; path = 11.jpg; sourceTree = "<group>"; };
		F916B2F01E9B18F7007759EE /* 12.jpg */ = {isa = PBXFileReference; lastKnownFileType = image.jpeg; path = 12.jpg; sourceTree = "<group>"; };
		F916B2F11E9B18F7007759EE /* 13.jpg */ = {isa = PBXFileReference; lastKnownFileType = image.jpeg; path = 13.jpg; sourceTree = "<group>"; };
		F916B2F21E9B18F7007759EE /* 14.jpg */ = {isa = PBXFileReference; lastKnownFileType = image.jpeg; path = 14.jpg; sourceTree = "<group>"; };
		F916B2F31E9B18F7007759EE /* 15.jpg */ = {isa = PBXFileReference; lastKnownFileType = image.jpeg; path = 15.jpg; sourceTree = "<group>"; };
		F916B2F41E9B18F7007759EE /* 16.jpg */ = {isa = PBXFileReference; lastKnownFileType = image.jpeg; path = 16.jpg; sourceTree = "<group>"; };
		F916B2F51E9B18F7007759EE /* 17.jpg */ = {isa = PBXFileReference; lastKnownFileType = image.jpeg; path = 17.jpg; sourceTree = "<group>"; };
		F916B2F61E9B18F7007759EE /* 18.jpg */ = {isa = PBXFileReference; lastKnownFileType = image.jpeg; path = 18.jpg; sourceTree = "<group>"; };
		F916B2F71E9B18F7007759EE /* 19.jpg */ = {isa = PBXFileReference; lastKnownFileType = image.jpeg; path = 19.jpg; sourceTree = "<group>"; };
		F916B2F81E9B18F7007759EE /* 2.jpg */ = {isa = PBXFileReference; lastKnownFileType = image.jpeg; path = 2.jpg; sourceTree = "<group>"; };
		F916B2F91E9B18F7007759EE /* 20.jpg */ = {isa = PBXFileReference; lastKnownFileType = image.jpeg; path = 20.jpg; sourceTree = "<group>"; };
		F916B2FA1E9B18F7007759EE /* 21.jpg */ = {isa = PBXFileReference; lastKnownFileType = image.jpeg; path = 21.jpg; sourceTree = "<group>"; };
		F916B2FB1E9B18F7007759EE /* 22.jpg */ = {isa = PBXFileReference; lastKnownFileType = image.jpeg; path = 22.jpg; sourceTree = "<group>"; };
		F916B2FC1E9B18F7007759EE /* 23.jpg */ = {isa = PBXFileReference; lastKnownFileType = image.jpeg; path = 23.jpg; sourceTree = "<group>"; };
		F916B2FD1E9B18F7007759EE /* 24.jpg */ = {isa = PBXFileReference; lastKnownFileType = image.jpeg; path = 24.jpg; sourceTree = "<group>"; };
		F916B2FE1E9B18F7007759EE /* 25.jpg */ = {isa = PBXFileReference; lastKnownFileType = image.jpeg; path = 25.jpg; sourceTree = "<group>"; };
		F916B2FF1E9B18F7007759EE /* 26.jpg */ = {isa = PBXFileReference; lastKnownFileType = image.jpeg; path = 26.jpg; sourceTree = "<group>"; };
		F916B3001E9B18F7007759EE /* 27.jpg */ = {isa = PBXFileReference; lastKnownFileType = image.jpeg; path = 27.jpg; sourceTree = "<group>"; };
		F916B3011E9B18F7007759EE /* 28.jpg */ = {isa = PBXFileReference; lastKnownFileType = image.jpeg; path = 28.jpg; sourceTree = "<group>"; };
		F916B3021E9B18F7007759EE /* 29.jpg */ = {isa = PBXFileReference; lastKnownFileType = image.jpeg; path = 29.jpg; sourceTree = "<group>"; };
		F916B3031E9B18F7007759EE /* 3.jpg */ = {isa = PBXFileReference; lastKnownFileType = image.jpeg; path = 3.jpg; sourceTree = "<group>"; };
		F916B3041E9B18F7007759EE /* 30.jpg */ = {isa = PBXFileReference; lastKnownFileType = image.jpeg; path = 30.jpg; sourceTree = "<group>"; };
		F916B3051E9B18F7007759EE /* 31.jpg */ = {isa = PBXFileReference; lastKnownFileType = image.jpeg; path = 31.jpg; sourceTree = "<group>"; };
		F916B3061E9B18F7007759EE /* 32.jpg */ = {isa = PBXFileReference; lastKnownFileType = image.jpeg; path = 32.jpg; sourceTree = "<group>"; };
		F916B3071E9B18F7007759EE /* 33.jpg */ = {isa = PBXFileReference; lastKnownFileType = image.jpeg; path = 33.jpg; sourceTree = "<group>"; };
		F916B3081E9B18F7007759EE /* 34.jpg */ = {isa = PBXFileReference; lastKnownFileType = image.jpeg; path = 34.jpg; sourceTree = "<group>"; };
		F916B3091E9B18F7007759EE /* 35.jpg */ = {isa = PBXFileReference; lastKnownFileType = image.jpeg; path = 35.jpg; sourceTree = "<group>"; };
		F916B30A1E9B18F7007759EE /* 36.jpg */ = {isa = PBXFileReference; lastKnownFileType = image.jpeg; path = 36.jpg; sourceTree = "<group>"; };
		F916B30B1E9B18F7007759EE /* 37.jpg */ = {isa = PBXFileReference; lastKnownFileType = image.jpeg; path = 37.jpg; sourceTree = "<group>"; };
		F916B30C1E9B18F7007759EE /* 38.jpg */ = {isa = PBXFileReference; lastKnownFileType = image.jpeg; path = 38.jpg; sourceTree = "<group>"; };
		F916B30D1E9B18F7007759EE /* 39.jpg */ = {isa = PBXFileReference; lastKnownFileType = image.jpeg; path = 39.jpg; sourceTree = "<group>"; };
		F916B30E1E9B18F7007759EE /* 4.jpg */ = {isa = PBXFileReference; lastKnownFileType = image.jpeg; path = 4.jpg; sourceTree = "<group>"; };
		F916B30F1E9B18F7007759EE /* 40.jpg */ = {isa = PBXFileReference; lastKnownFileType = image.jpeg; path = 40.jpg; sourceTree = "<group>"; };
		F916B3101E9B18F7007759EE /* 5.jpg */ = {isa = PBXFileReference; lastKnownFileType = image.jpeg; path = 5.jpg; sourceTree = "<group>"; };
		F916B3111E9B18F7007759EE /* 6.jpg */ = {isa = PBXFileReference; lastKnownFileType = image.jpeg; path = 6.jpg; sourceTree = "<group>"; };
		F916B3121E9B18F7007759EE /* 7.jpg */ = {isa = PBXFileReference; lastKnownFileType = image.jpeg; path = 7.jpg; sourceTree = "<group>"; };
		F916B3131E9B18F7007759EE /* 8.jpg */ = {isa = PBXFileReference; lastKnownFileType = image.jpeg; path = 8.jpg; sourceTree = "<group>"; };
		F916B3141E9B18F7007759EE /* 9.jpg */ = {isa = PBXFileReference; lastKnownFileType = image.jpeg; path = 9.jpg; sourceTree = "<group>"; };
		F916B33E1E9B19D8007759EE /* DemoCell.swift */ = {isa = PBXFileReference; fileEncoding = 4; lastKnownFileType = sourcecode.swift; path = DemoCell.swift; sourceTree = "<group>"; };
/* End PBXFileReference section */

/* Begin PBXFrameworksBuildPhase section */
		F916B2D11E9B1866007759EE /* Frameworks */ = {
			isa = PBXFrameworksBuildPhase;
			buildActionMask = 2147483647;
			files = (
			);
			runOnlyForDeploymentPostprocessing = 0;
		};
/* End PBXFrameworksBuildPhase section */

/* Begin PBXGroup section */
		F916B2CB1E9B1866007759EE = {
			isa = PBXGroup;
			children = (
				F916B2D61E9B1866007759EE /* SLWaterflowLayout */,
				F916B2D51E9B1866007759EE /* Products */,
			);
			sourceTree = "<group>";
		};
		F916B2D51E9B1866007759EE /* Products */ = {
			isa = PBXGroup;
			children = (
				F916B2D41E9B1866007759EE /* SLWaterflowLayout.app */,
			);
			name = Products;
			sourceTree = "<group>";
		};
		F916B2D61E9B1866007759EE /* SLWaterflowLayout */ = {
			isa = PBXGroup;
			children = (
				F916B2EB1E9B18F7007759EE /* images */,
				F916B2E91E9B18AE007759EE /* SLWaterflowLayout.swift */,
				F916B2D71E9B1866007759EE /* AppDelegate.swift */,
				F916B2D91E9B1866007759EE /* ViewController.swift */,
				F916B33E1E9B19D8007759EE /* DemoCell.swift */,
				F916B2DB1E9B1866007759EE /* Main.storyboard */,
				F916B2DE1E9B1866007759EE /* Assets.xcassets */,
				F916B2E01E9B1866007759EE /* LaunchScreen.storyboard */,
				F916B2E31E9B1866007759EE /* Info.plist */,
			);
			path = SLWaterflowLayout;
			sourceTree = "<group>";
		};
		F916B2EB1E9B18F7007759EE /* images */ = {
			isa = PBXGroup;
			children = (
				F916B2EC1E9B18F7007759EE /* 0.jpg */,
				F916B2ED1E9B18F7007759EE /* 1.jpg */,
				F916B2EE1E9B18F7007759EE /* 10.jpg */,
				F916B2EF1E9B18F7007759EE /* 11.jpg */,
				F916B2F01E9B18F7007759EE /* 12.jpg */,
				F916B2F11E9B18F7007759EE /* 13.jpg */,
				F916B2F21E9B18F7007759EE /* 14.jpg */,
				F916B2F31E9B18F7007759EE /* 15.jpg */,
				F916B2F41E9B18F7007759EE /* 16.jpg */,
				F916B2F51E9B18F7007759EE /* 17.jpg */,
				F916B2F61E9B18F7007759EE /* 18.jpg */,
				F916B2F71E9B18F7007759EE /* 19.jpg */,
				F916B2F81E9B18F7007759EE /* 2.jpg */,
				F916B2F91E9B18F7007759EE /* 20.jpg */,
				F916B2FA1E9B18F7007759EE /* 21.jpg */,
				F916B2FB1E9B18F7007759EE /* 22.jpg */,
				F916B2FC1E9B18F7007759EE /* 23.jpg */,
				F916B2FD1E9B18F7007759EE /* 24.jpg */,
				F916B2FE1E9B18F7007759EE /* 25.jpg */,
				F916B2FF1E9B18F7007759EE /* 26.jpg */,
				F916B3001E9B18F7007759EE /* 27.jpg */,
				F916B3011E9B18F7007759EE /* 28.jpg */,
				F916B3021E9B18F7007759EE /* 29.jpg */,
				F916B3031E9B18F7007759EE /* 3.jpg */,
				F916B3041E9B18F7007759EE /* 30.jpg */,
				F916B3051E9B18F7007759EE /* 31.jpg */,
				F916B3061E9B18F7007759EE /* 32.jpg */,
				F916B3071E9B18F7007759EE /* 33.jpg */,
				F916B3081E9B18F7007759EE /* 34.jpg */,
				F916B3091E9B18F7007759EE /* 35.jpg */,
				F916B30A1E9B18F7007759EE /* 36.jpg */,
				F916B30B1E9B18F7007759EE /* 37.jpg */,
				F916B30C1E9B18F7007759EE /* 38.jpg */,
				F916B30D1E9B18F7007759EE /* 39.jpg */,
				F916B30E1E9B18F7007759EE /* 4.jpg */,
				F916B30F1E9B18F7007759EE /* 40.jpg */,
				F916B3101E9B18F7007759EE /* 5.jpg */,
				F916B3111E9B18F7007759EE /* 6.jpg */,
				F916B3121E9B18F7007759EE /* 7.jpg */,
				F916B3131E9B18F7007759EE /* 8.jpg */,
				F916B3141E9B18F7007759EE /* 9.jpg */,
			);
			path = images;
			sourceTree = "<group>";
		};
/* End PBXGroup section */

/* Begin PBXNativeTarget section */
		F916B2D31E9B1866007759EE /* SLWaterflowLayout */ = {
			isa = PBXNativeTarget;
			buildConfigurationList = F916B2E61E9B1866007759EE /* Build configuration list for PBXNativeTarget "SLWaterflowLayout" */;
			buildPhases = (
				F916B2D01E9B1866007759EE /* Sources */,
				F916B2D11E9B1866007759EE /* Frameworks */,
				F916B2D21E9B1866007759EE /* Resources */,
			);
			buildRules = (
			);
			dependencies = (
			);
			name = SLWaterflowLayout;
			productName = SLWaterflowLayout;
			productReference = F916B2D41E9B1866007759EE /* SLWaterflowLayout.app */;
			productType = "com.apple.product-type.application";
		};
/* End PBXNativeTarget section */

/* Begin PBXProject section */
		F916B2CC1E9B1866007759EE /* Project object */ = {
			isa = PBXProject;
			attributes = {
				LastSwiftUpdateCheck = 0820;
				LastUpgradeCheck = 0820;
				ORGANIZATIONNAME = "张树林";
				TargetAttributes = {
					F916B2D31E9B1866007759EE = {
						CreatedOnToolsVersion = 8.2.1;
						DevelopmentTeam = BKAJ89SA22;
						ProvisioningStyle = Automatic;
					};
				};
			};
			buildConfigurationList = F916B2CF1E9B1866007759EE /* Build configuration list for PBXProject "SLWaterflowLayout" */;
			compatibilityVersion = "Xcode 3.2";
			developmentRegion = English;
			hasScannedForEncodings = 0;
			knownRegions = (
				en,
				Base,
			);
			mainGroup = F916B2CB1E9B1866007759EE;
			productRefGroup = F916B2D51E9B1866007759EE /* Products */;
			projectDirPath = "";
			projectRoot = "";
			targets = (
				F916B2D31E9B1866007759EE /* SLWaterflowLayout */,
			);
		};
/* End PBXProject section */

/* Begin PBXResourcesBuildPhase section */
		F916B2D21E9B1866007759EE /* Resources */ = {
			isa = PBXResourcesBuildPhase;
			buildActionMask = 2147483647;
			files = (
				F916B32B1E9B18F7007759EE /* 29.jpg in Resources */,
				F916B3391E9B18F7007759EE /* 5.jpg in Resources */,
				F916B32A1E9B18F7007759EE /* 28.jpg in Resources */,
				F916B33B1E9B18F7007759EE /* 7.jpg in Resources */,
				F916B3241E9B18F7007759EE /* 22.jpg in Resources */,
				F916B31E1E9B18F7007759EE /* 17.jpg in Resources */,
				F916B3351E9B18F7007759EE /* 38.jpg in Resources */,
				F916B31B1E9B18F7007759EE /* 14.jpg in Resources */,
				F916B3371E9B18F7007759EE /* 4.jpg in Resources */,
				F916B3221E9B18F7007759EE /* 20.jpg in Resources */,
				F916B3191E9B18F7007759EE /* 12.jpg in Resources */,
				F916B31A1E9B18F7007759EE /* 13.jpg in Resources */,
				F916B3301E9B18F7007759EE /* 33.jpg in Resources */,
				F916B3151E9B18F7007759EE /* 0.jpg in Resources */,
				F916B32C1E9B18F7007759EE /* 3.jpg in Resources */,
				F916B33A1E9B18F7007759EE /* 6.jpg in Resources */,
				F916B3381E9B18F7007759EE /* 40.jpg in Resources */,
				F916B32F1E9B18F7007759EE /* 32.jpg in Resources */,
				F916B31D1E9B18F7007759EE /* 16.jpg in Resources */,
				F916B3211E9B18F7007759EE /* 2.jpg in Resources */,
				F916B3361E9B18F7007759EE /* 39.jpg in Resources */,
				F916B2E21E9B1866007759EE /* LaunchScreen.storyboard in Resources */,
				F916B3251E9B18F7007759EE /* 23.jpg in Resources */,
				F916B2DF1E9B1866007759EE /* Assets.xcassets in Resources */,
				F916B2DD1E9B1866007759EE /* Main.storyboard in Resources */,
				F916B3171E9B18F7007759EE /* 10.jpg in Resources */,
				F916B3321E9B18F7007759EE /* 35.jpg in Resources */,
				F916B3341E9B18F7007759EE /* 37.jpg in Resources */,
				F916B3201E9B18F7007759EE /* 19.jpg in Resources */,
				F916B33C1E9B18F7007759EE /* 8.jpg in Resources */,
				F916B3181E9B18F7007759EE /* 11.jpg in Resources */,
				F916B3261E9B18F7007759EE /* 24.jpg in Resources */,
				F916B32D1E9B18F7007759EE /* 30.jpg in Resources */,
				F916B33D1E9B18F7007759EE /* 9.jpg in Resources */,
				F916B3161E9B18F7007759EE /* 1.jpg in Resources */,
				F916B31F1E9B18F7007759EE /* 18.jpg in Resources */,
				F916B3331E9B18F7007759EE /* 36.jpg in Resources */,
				F916B3231E9B18F7007759EE /* 21.jpg in Resources */,
				F916B3271E9B18F7007759EE /* 25.jpg in Resources */,
				F916B31C1E9B18F7007759EE /* 15.jpg in Resources */,
				F916B3311E9B18F7007759EE /* 34.jpg in Resources */,
				F916B3291E9B18F7007759EE /* 27.jpg in Resources */,
				F916B32E1E9B18F7007759EE /* 31.jpg in Resources */,
				F916B3281E9B18F7007759EE /* 26.jpg in Resources */,
			);
			runOnlyForDeploymentPostprocessing = 0;
		};
/* End PBXResourcesBuildPhase section */

/* Begin PBXSourcesBuildPhase section */
		F916B2D01E9B1866007759EE /* Sources */ = {
			isa = PBXSourcesBuildPhase;
			buildActionMask = 2147483647;
			files = (
				F916B2EA1E9B18AE007759EE /* SLWaterflowLayout.swift in Sources */,
				F916B2DA1E9B1866007759EE /* ViewController.swift in Sources */,
				F916B33F1E9B19D8007759EE /* DemoCell.swift in Sources */,
				F916B2D81E9B1866007759EE /* AppDelegate.swift in Sources */,
			);
			runOnlyForDeploymentPostprocessing = 0;
		};
/* End PBXSourcesBuildPhase section */

/* Begin PBXVariantGroup section */
		F916B2DB1E9B1866007759EE /* Main.storyboard */ = {
			isa = PBXVariantGroup;
			children = (
				F916B2DC1E9B1866007759EE /* Base */,
			);
			name = Main.storyboard;
			sourceTree = "<group>";
		};
		F916B2E01E9B1866007759EE /* LaunchScreen.storyboard */ = {
			isa = PBXVariantGroup;
			children = (
				F916B2E11E9B1866007759EE /* Base */,
			);
			name = LaunchScreen.storyboard;
			sourceTree = "<group>";
		};
/* End PBXVariantGroup section */

/* Begin XCBuildConfiguration section */
		F916B2E41E9B1866007759EE /* Debug */ = {
			isa = XCBuildConfiguration;
			buildSettings = {
				ALWAYS_SEARCH_USER_PATHS = NO;
				CLANG_ANALYZER_NONNULL = YES;
				CLANG_CXX_LANGUAGE_STANDARD = "gnu++0x";
				CLANG_CXX_LIBRARY = "libc++";
				CLANG_ENABLE_MODULES = YES;
				CLANG_ENABLE_OBJC_ARC = YES;
				CLANG_WARN_BOOL_CONVERSION = YES;
				CLANG_WARN_CONSTANT_CONVERSION = YES;
				CLANG_WARN_DIRECT_OBJC_ISA_USAGE = YES_ERROR;
				CLANG_WARN_DOCUMENTATION_COMMENTS = YES;
				CLANG_WARN_EMPTY_BODY = YES;
				CLANG_WARN_ENUM_CONVERSION = YES;
				CLANG_WARN_INFINITE_RECURSION = YES;
				CLANG_WARN_INT_CONVERSION = YES;
				CLANG_WARN_OBJC_ROOT_CLASS = YES_ERROR;
				CLANG_WARN_SUSPICIOUS_MOVE = YES;
				CLANG_WARN_UNREACHABLE_CODE = YES;
				CLANG_WARN__DUPLICATE_METHOD_MATCH = YES;
				"CODE_SIGN_IDENTITY[sdk=iphoneos*]" = "iPhone Developer";
				COPY_PHASE_STRIP = NO;
				DEBUG_INFORMATION_FORMAT = dwarf;
				ENABLE_STRICT_OBJC_MSGSEND = YES;
				ENABLE_TESTABILITY = YES;
				GCC_C_LANGUAGE_STANDARD = gnu99;
				GCC_DYNAMIC_NO_PIC = NO;
				GCC_NO_COMMON_BLOCKS = YES;
				GCC_OPTIMIZATION_LEVEL = 0;
				GCC_PREPROCESSOR_DEFINITIONS = (
					"DEBUG=1",
					"$(inherited)",
				);
				GCC_WARN_64_TO_32_BIT_CONVERSION = YES;
				GCC_WARN_ABOUT_RETURN_TYPE = YES_ERROR;
				GCC_WARN_UNDECLARED_SELECTOR = YES;
				GCC_WARN_UNINITIALIZED_AUTOS = YES_AGGRESSIVE;
				GCC_WARN_UNUSED_FUNCTION = YES;
				GCC_WARN_UNUSED_VARIABLE = YES;
				IPHONEOS_DEPLOYMENT_TARGET = 10.2;
				MTL_ENABLE_DEBUG_INFO = YES;
				ONLY_ACTIVE_ARCH = YES;
				SDKROOT = iphoneos;
				SWIFT_ACTIVE_COMPILATION_CONDITIONS = DEBUG;
				SWIFT_OPTIMIZATION_LEVEL = "-Onone";
				TARGETED_DEVICE_FAMILY = "1,2";
			};
			name = Debug;
		};
		F916B2E51E9B1866007759EE /* Release */ = {
			isa = XCBuildConfiguration;
			buildSettings = {
				ALWAYS_SEARCH_USER_PATHS = NO;
				CLANG_ANALYZER_NONNULL = YES;
				CLANG_CXX_LANGUAGE_STANDARD = "gnu++0x";
				CLANG_CXX_LIBRARY = "libc++";
				CLANG_ENABLE_MODULES = YES;
				CLANG_ENABLE_OBJC_ARC = YES;
				CLANG_WARN_BOOL_CONVERSION = YES;
				CLANG_WARN_CONSTANT_CONVERSION = YES;
				CLANG_WARN_DIRECT_OBJC_ISA_USAGE = YES_ERROR;
				CLANG_WARN_DOCUMENTATION_COMMENTS = YES;
				CLANG_WARN_EMPTY_BODY = YES;
				CLANG_WARN_ENUM_CONVERSION = YES;
				CLANG_WARN_INFINITE_RECURSION = YES;
				CLANG_WARN_INT_CONVERSION = YES;
				CLANG_WARN_OBJC_ROOT_CLASS = YES_ERROR;
				CLANG_WARN_SUSPICIOUS_MOVE = YES;
				CLANG_WARN_UNREACHABLE_CODE = YES;
				CLANG_WARN__DUPLICATE_METHOD_MATCH = YES;
				"CODE_SIGN_IDENTITY[sdk=iphoneos*]" = "iPhone Developer";
				COPY_PHASE_STRIP = NO;
				DEBUG_INFORMATION_FORMAT = "dwarf-with-dsym";
				ENABLE_NS_ASSERTIONS = NO;
				ENABLE_STRICT_OBJC_MSGSEND = YES;
				GCC_C_LANGUAGE_STANDARD = gnu99;
				GCC_NO_COMMON_BLOCKS = YES;
				GCC_WARN_64_TO_32_BIT_CONVERSION = YES;
				GCC_WARN_ABOUT_RETURN_TYPE = YES_ERROR;
				GCC_WARN_UNDECLARED_SELECTOR = YES;
				GCC_WARN_UNINITIALIZED_AUTOS = YES_AGGRESSIVE;
				GCC_WARN_UNUSED_FUNCTION = YES;
				GCC_WARN_UNUSED_VARIABLE = YES;
				IPHONEOS_DEPLOYMENT_TARGET = 10.2;
				MTL_ENABLE_DEBUG_INFO = NO;
				SDKROOT = iphoneos;
				SWIFT_OPTIMIZATION_LEVEL = "-Owholemodule";
				TARGETED_DEVICE_FAMILY = "1,2";
				VALIDATE_PRODUCT = YES;
			};
			name = Release;
		};
		F916B2E71E9B1866007759EE /* Debug */ = {
			isa = XCBuildConfiguration;
			buildSettings = {
				ASSETCATALOG_COMPILER_APPICON_NAME = AppIcon;
				DEVELOPMENT_TEAM = BKAJ89SA22;
				INFOPLIST_FILE = SLWaterflowLayout/Info.plist;
				IPHONEOS_DEPLOYMENT_TARGET = 8.0;
				LD_RUNPATH_SEARCH_PATHS = "$(inherited) @executable_path/Frameworks";
				PRODUCT_BUNDLE_IDENTIFIER = zhangsl.SLWaterflowLayout;
				PRODUCT_NAME = "$(TARGET_NAME)";
				SWIFT_VERSION = 3.0;
			};
			name = Debug;
		};
		F916B2E81E9B1866007759EE /* Release */ = {
			isa = XCBuildConfiguration;
			buildSettings = {
				ASSETCATALOG_COMPILER_APPICON_NAME = AppIcon;
				DEVELOPMENT_TEAM = BKAJ89SA22;
				INFOPLIST_FILE = SLWaterflowLayout/Info.plist;
				IPHONEOS_DEPLOYMENT_TARGET = 8.0;
				LD_RUNPATH_SEARCH_PATHS = "$(inherited) @executable_path/Frameworks";
				PRODUCT_BUNDLE_IDENTIFIER = zhangsl.SLWaterflowLayout;
				PRODUCT_NAME = "$(TARGET_NAME)";
				SWIFT_VERSION = 3.0;
			};
			name = Release;
		};
/* End XCBuildConfiguration section */

/* Begin XCConfigurationList section */
		F916B2CF1E9B1866007759EE /* Build configuration list for PBXProject "SLWaterflowLayout" */ = {
			isa = XCConfigurationList;
			buildConfigurations = (
				F916B2E41E9B1866007759EE /* Debug */,
				F916B2E51E9B1866007759EE /* Release */,
			);
			defaultConfigurationIsVisible = 0;
			defaultConfigurationName = Release;
		};
		F916B2E61E9B1866007759EE /* Build configuration list for PBXNativeTarget "SLWaterflowLayout" */ = {
			isa = XCConfigurationList;
			buildConfigurations = (
				F916B2E71E9B1866007759EE /* Debug */,
				F916B2E81E9B1866007759EE /* Release */,
			);
			defaultConfigurationIsVisible = 0;
		};
/* End XCConfigurationList section */
	};
	rootObject = F916B2CC1E9B1866007759EE /* Project object */;
}
